
Microsoft Visual Studio Solution File, Format Version 12.00
# Visual Studio 15
VisualStudioVersion = 15.0.28010.2036
MinimumVisualStudioVersion = 10.0.40219.1
Project("{FAE04EC0-301F-11D3-BF4B-00C04F79EFBC}") = "Texas Holdem.UI", "Texas Holdem.UI\Texas Holdem.UI.csproj", "{8F553442-87EB-4176-8C31-5CE46A58A514}"
EndProject
Project("{FAE04EC0-301F-11D3-BF4B-00C04F79EFBC}") = "Texas Holdem.Library", "Texas Holdem.Library\Texas Holdem.Library.csproj", "{05F0728E-497E-498B-AB1C-49564838E14B}"
EndProject
Global
	GlobalSection(SolutionConfigurationPlatforms) = preSolution
		Debug|Any CPU = Debug|Any CPU
		Release|Any CPU = Release|Any CPU
	EndGlobalSection
	GlobalSection(ProjectConfigurationPlatforms) = postSolution
		{8F553442-87EB-4176-8C31-5CE46A58A514}.Debug|Any CPU.ActiveCfg = Debug|Any CPU
		{8F553442-87EB-4176-8C31-5CE46A58A514}.Debug|Any CPU.Build.0 = Debug|Any CPU
		{8F553442-87EB-4176-8C31-5CE46A58A514}.Release|Any CPU.ActiveCfg = Release|Any CPU
		{8F553442-87EB-4176-8C31-5CE46A58A514}.Release|Any CPU.Build.0 = Release|Any CPU
		{05F0728E-497E-498B-AB1C-49564838E14B}.Debug|Any CPU.ActiveCfg = Debug|Any CPU
		{05F0728E-497E-498B-AB1C-49564838E14B}.Debug|Any CPU.Build.0 = Debug|Any CPU
		{05F0728E-497E-498B-AB1C-49564838E14B}.Release|Any CPU.ActiveCfg = Release|Any CPU
		{05F0728E-497E-498B-AB1C-49564838E14B}.Release|Any CPU.Build.0 = Release|Any CPU
	EndGlobalSection
	GlobalSection(SolutionProperties) = preSolution
		HideSolutionNode = FALSE
	EndGlobalSection
	GlobalSection(ExtensibilityGlobals) = postSolution
		SolutionGuid = {9FEAB68E-61FC-4D40-88DE-330A866BE9D9}
	EndGlobalSection
EndGlobal
